// !$*UTF8*$!
{
	archiveVersion = 1;
	classes = {
	};
	objectVersion = 77;
	objects = {

/* Begin PBXBuildFile section */
		CC56A6BC2E558C0700D1536B /* Auth in Frameworks */ = {isa = PBXBuildFile; productRef = CC56A6BB2E558C0700D1536B /* Auth */; };
		CC56A6BE2E558C0700D1536B /* Functions in Frameworks */ = {isa = PBXBuildFile; productRef = CC56A6BD2E558C0700D1536B /* Functions */; };
		CC56A6C02E558C0700D1536B /* PostgREST in Frameworks */ = {isa = PBXBuildFile; productRef = CC56A6BF2E558C0700D1536B /* PostgREST */; };
		CC56A6C22E558C0700D1536B /* Realtime in Frameworks */ = {isa = PBXBuildFile; productRef = CC56A6C12E558C0700D1536B /* Realtime */; };
		CC56A6C42E558C0700D1536B /* Storage in Frameworks */ = {isa = PBXBuildFile; productRef = CC56A6C32E558C0700D1536B /* Storage */; };
		CC56A6C62E558C0700D1536B /* Supabase in Frameworks */ = {isa = PBXBuildFile; productRef = CC56A6C52E558C0700D1536B /* Supabase */; };
/* End PBXBuildFile section */

/* Begin PBXContainerItemProxy section */
		CC57DA0B2E3C6F5300D3E72B /* PBXContainerItemProxy */ = {
			isa = PBXContainerItemProxy;
			containerPortal = CC57D9EE2E3C6F5100D3E72B /* Project object */;
			proxyType = 1;
			remoteGlobalIDString = CC57D9F52E3C6F5100D3E72B;
			remoteInfo = RunTogether;
		};
		CC57DA152E3C6F5300D3E72B /* PBXContainerItemProxy */ = {
			isa = PBXContainerItemProxy;
			containerPortal = CC57D9EE2E3C6F5100D3E72B /* Project object */;
			proxyType = 1;
			remoteGlobalIDString = CC57D9F52E3C6F5100D3E72B;
			remoteInfo = RunTogether;
		};
/* End PBXContainerItemProxy section */

/* Begin PBXFileReference section */
		CC57D9F62E3C6F5100D3E72B /* RunTogether.app */ = {isa = PBXFileReference; explicitFileType = wrapper.application; includeInIndex = 0; path = RunTogether.app; sourceTree = BUILT_PRODUCTS_DIR; };
		CC57DA0A2E3C6F5300D3E72B /* RunTogetherTests.xctest */ = {isa = PBXFileReference; explicitFileType = wrapper.cfbundle; includeInIndex = 0; path = RunTogetherTests.xctest; sourceTree = BUILT_PRODUCTS_DIR; };
		CC57DA142E3C6F5300D3E72B /* RunTogetherUITests.xctest */ = {isa = PBXFileReference; explicitFileType = wrapper.cfbundle; includeInIndex = 0; path = RunTogetherUITests.xctest; sourceTree = BUILT_PRODUCTS_DIR; };
/* End PBXFileReference section */

/* Begin PBXFileSystemSynchronizedBuildFileExceptionSet section */
		CC57DA1C2E3C6F5300D3E72B /* Exceptions for "RunTogether" folder in "RunTogether" target */ = {
			isa = PBXFileSystemSynchronizedBuildFileExceptionSet;
			membershipExceptions = (
				Info.plist,
			);
			target = CC57D9F52E3C6F5100D3E72B /* RunTogether */;
		};
/* End PBXFileSystemSynchronizedBuildFileExceptionSet section */

/* Begin PBXFileSystemSynchronizedRootGroup section */
		CC57D9F82E3C6F5100D3E72B /* RunTogether */ = {
			isa = PBXFileSystemSynchronizedRootGroup;
			exceptions = (
				CC57DA1C2E3C6F5300D3E72B /* Exceptions for "RunTogether" folder in "RunTogether" target */,
			);
			path = RunTogether;
			sourceTree = "<group>";
		};
		CC57DA0D2E3C6F5300D3E72B /* RunTogetherTests */ = {
			isa = PBXFileSystemSynchronizedRootGroup;
			path = RunTogetherTests;
			sourceTree = "<group>";
		};
		CC57DA172E3C6F5300D3E72B /* RunTogetherUITests */ = {
			isa = PBXFileSystemSynchronizedRootGroup;
			path = RunTogetherUITests;
			sourceTree = "<group>";
		};
/* End PBXFileSystemSynchronizedRootGroup section */

/* Begin PBXFrameworksBuildPhase section */
		CC57D9F32E3C6F5100D3E72B /* Frameworks */ = {
			isa = PBXFrameworksBuildPhase;
			buildActionMask = 2147483647;
			files = (
				CC56A6C02E558C0700D1536B /* PostgREST in Frameworks */,
				CC56A6BE2E558C0700D1536B /* Functions in Frameworks */,
				CC56A6C62E558C0700D1536B /* Supabase in Frameworks */,
				CC56A6BC2E558C0700D1536B /* Auth in Frameworks */,
				CC56A6C42E558C0700D1536B /* Storage in Frameworks */,
				CC56A6C22E558C0700D1536B /* Realtime in Frameworks */,
			);
			runOnlyForDeploymentPostprocessing = 0;
		};
		CC57DA072E3C6F5300D3E72B /* Frameworks */ = {
			isa = PBXFrameworksBuildPhase;
			buildActionMask = 2147483647;
			files = (
			);
			runOnlyForDeploymentPostprocessing = 0;
		};
		CC57DA112E3C6F5300D3E72B /* Frameworks */ = {
			isa = PBXFrameworksBuildPhase;
			buildActionMask = 2147483647;
			files = (
			);
			runOnlyForDeploymentPostprocessing = 0;
		};
/* End PBXFrameworksBuildPhase section */

/* Begin PBXGroup section */
		CC57D9ED2E3C6F5100D3E72B = {
			isa = PBXGroup;
			children = (
				CC57D9F82E3C6F5100D3E72B /* RunTogether */,
				CC57DA0D2E3C6F5300D3E72B /* RunTogetherTests */,
				CC57DA172E3C6F5300D3E72B /* RunTogetherUITests */,
				CC57D9F72E3C6F5100D3E72B /* Products */,
			);
			sourceTree = "<group>";
		};
		CC57D9F72E3C6F5100D3E72B /* Products */ = {
			isa = PBXGroup;
			children = (
				CC57D9F62E3C6F5100D3E72B /* RunTogether.app */,
				CC57DA0A2E3C6F5300D3E72B /* RunTogetherTests.xctest */,
				CC57DA142E3C6F5300D3E72B /* RunTogetherUITests.xctest */,
			);
			name = Products;
			sourceTree = "<group>";
		};
/* End PBXGroup section */

/* Begin PBXNativeTarget section */
		CC57D9F52E3C6F5100D3E72B /* RunTogether */ = {
			isa = PBXNativeTarget;
			buildConfigurationList = CC57DA1D2E3C6F5300D3E72B /* Build configuration list for PBXNativeTarget "RunTogether" */;
			buildPhases = (
				CC57D9F22E3C6F5100D3E72B /* Sources */,
				CC57D9F32E3C6F5100D3E72B /* Frameworks */,
				CC57D9F42E3C6F5100D3E72B /* Resources */,
			);
			buildRules = (
			);
			dependencies = (
			);
			fileSystemSynchronizedGroups = (
				CC57D9F82E3C6F5100D3E72B /* RunTogether */,
			);
			name = RunTogether;
			packageProductDependencies = (
				CC56A6BB2E558C0700D1536B /* Auth */,
				CC56A6BD2E558C0700D1536B /* Functions */,
				CC56A6BF2E558C0700D1536B /* PostgREST */,
				CC56A6C12E558C0700D1536B /* Realtime */,
				CC56A6C32E558C0700D1536B /* Storage */,
				CC56A6C52E558C0700D1536B /* Supabase */,
			);
			productName = RunTogether;
			productReference = CC57D9F62E3C6F5100D3E72B /* RunTogether.app */;
			productType = "com.apple.product-type.application";
		};
		CC57DA092E3C6F5300D3E72B /* RunTogetherTests */ = {
			isa = PBXNativeTarget;
			buildConfigurationList = CC57DA222E3C6F5300D3E72B /* Build configuration list for PBXNativeTarget "RunTogetherTests" */;
			buildPhases = (
				CC57DA062E3C6F5300D3E72B /* Sources */,
				CC57DA072E3C6F5300D3E72B /* Frameworks */,
				CC57DA082E3C6F5300D3E72B /* Resources */,
			);
			buildRules = (
			);
			dependencies = (
				CC57DA0C2E3C6F5300D3E72B /* PBXTargetDependency */,
			);
			fileSystemSynchronizedGroups = (
				CC57DA0D2E3C6F5300D3E72B /* RunTogetherTests */,
			);
			name = RunTogetherTests;
			packageProductDependencies = (
			);
			productName = RunTogetherTests;
			productReference = CC57DA0A2E3C6F5300D3E72B /* RunTogetherTests.xctest */;
			productType = "com.apple.product-type.bundle.unit-test";
		};
		CC57DA132E3C6F5300D3E72B /* RunTogetherUITests */ = {
			isa = PBXNativeTarget;
			buildConfigurationList = CC57DA252E3C6F5300D3E72B /* Build configuration list for PBXNativeTarget "RunTogetherUITests" */;
			buildPhases = (
				CC57DA102E3C6F5300D3E72B /* Sources */,
				CC57DA112E3C6F5300D3E72B /* Frameworks */,
				CC57DA122E3C6F5300D3E72B /* Resources */,
			);
			buildRules = (
			);
			dependencies = (
				CC57DA162E3C6F5300D3E72B /* PBXTargetDependency */,
			);
			fileSystemSynchronizedGroups = (
				CC57DA172E3C6F5300D3E72B /* RunTogetherUITests */,
			);
			name = RunTogetherUITests;
			packageProductDependencies = (
			);
			productName = RunTogetherUITests;
			productReference = CC57DA142E3C6F5300D3E72B /* RunTogetherUITests.xctest */;
			productType = "com.apple.product-type.bundle.ui-testing";
		};
/* End PBXNativeTarget section */

/* Begin PBXProject section */
		CC57D9EE2E3C6F5100D3E72B /* Project object */ = {
			isa = PBXProject;
			attributes = {
				BuildIndependentTargetsInParallel = 1;
				LastSwiftUpdateCheck = 1640;
				LastUpgradeCheck = 1640;
				TargetAttributes = {
					CC57D9F52E3C6F5100D3E72B = {
						CreatedOnToolsVersion = 16.4;
					};
					CC57DA092E3C6F5300D3E72B = {
						CreatedOnToolsVersion = 16.4;
						TestTargetID = CC57D9F52E3C6F5100D3E72B;
					};
					CC57DA132E3C6F5300D3E72B = {
						CreatedOnToolsVersion = 16.4;
						TestTargetID = CC57D9F52E3C6F5100D3E72B;
					};
				};
			};
			buildConfigurationList = CC57D9F12E3C6F5100D3E72B /* Build configuration list for PBXProject "RunTogether" */;
			developmentRegion = en;
			hasScannedForEncodings = 0;
			knownRegions = (
				en,
				Base,
			);
			mainGroup = CC57D9ED2E3C6F5100D3E72B;
			minimizedProjectReferenceProxies = 1;
			packageReferences = (
				CC56A6BA2E558B4700D1536B /* XCRemoteSwiftPackageReference "supabase-swift" */,
			);
			preferredProjectObjectVersion = 77;
			productRefGroup = CC57D9F72E3C6F5100D3E72B /* Products */;
			projectDirPath = "";
			projectRoot = "";
			targets = (
				CC57D9F52E3C6F5100D3E72B /* RunTogether */,
				CC57DA092E3C6F5300D3E72B /* RunTogetherTests */,
				CC57DA132E3C6F5300D3E72B /* RunTogetherUITests */,
			);
		};
/* End PBXProject section */

/* Begin PBXResourcesBuildPhase section */
		CC57D9F42E3C6F5100D3E72B /* Resources */ = {
			isa = PBXResourcesBuildPhase;
			buildActionMask = 2147483647;
			files = (
			);
			runOnlyForDeploymentPostprocessing = 0;
		};
		CC57DA082E3C6F5300D3E72B /* Resources */ = {
			isa = PBXResourcesBuildPhase;
			buildActionMask = 2147483647;
			files = (
			);
			runOnlyForDeploymentPostprocessing = 0;
		};
		CC57DA122E3C6F5300D3E72B /* Resources */ = {
			isa = PBXResourcesBuildPhase;
			buildActionMask = 2147483647;
			files = (
			);
			runOnlyForDeploymentPostprocessing = 0;
		};
/* End PBXResourcesBuildPhase section */

/* Begin PBXSourcesBuildPhase section */
		CC57D9F22E3C6F5100D3E72B /* Sources */ = {
			isa = PBXSourcesBuildPhase;
			buildActionMask = 2147483647;
			files = (
			);
			runOnlyForDeploymentPostprocessing = 0;
		};
		CC57DA062E3C6F5300D3E72B /* Sources */ = {
			isa = PBXSourcesBuildPhase;
			buildActionMask = 2147483647;
			files = (
			);
			runOnlyForDeploymentPostprocessing = 0;
		};
		CC57DA102E3C6F5300D3E72B /* Sources */ = {
			isa = PBXSourcesBuildPhase;
			buildActionMask = 2147483647;
			files = (
			);
			runOnlyForDeploymentPostprocessing = 0;
		};
/* End PBXSourcesBuildPhase section */

/* Begin PBXTargetDependency section */
		CC57DA0C2E3C6F5300D3E72B /* PBXTargetDependency */ = {
			isa = PBXTargetDependency;
			target = CC57D9F52E3C6F5100D3E72B /* RunTogether */;
			targetProxy = CC57DA0B2E3C6F5300D3E72B /* PBXContainerItemProxy */;
		};
		CC57DA162E3C6F5300D3E72B /* PBXTargetDependency */ = {
			isa = PBXTargetDependency;
			target = CC57D9F52E3C6F5100D3E72B /* RunTogether */;
			targetProxy = CC57DA152E3C6F5300D3E72B /* PBXContainerItemProxy */;
		};
/* End PBXTargetDependency section */

/* Begin XCBuildConfiguration section */
		CC57DA1E2E3C6F5300D3E72B /* Debug */ = {
			isa = XCBuildConfiguration;
			buildSettings = {
				ASSETCATALOG_COMPILER_APPICON_NAME = AppIcon;
				ASSETCATALOG_COMPILER_GLOBAL_ACCENT_COLOR_NAME = AccentColor;
				CODE_SIGN_ENTITLEMENTS = RunTogether/RunTogether.entitlements;
				CODE_SIGN_STYLE = Automatic;
				CURRENT_PROJECT_VERSION = 1;
				DEVELOPMENT_TEAM = VUYG66828A;
				ENABLE_PREVIEWS = YES;
				GENERATE_INFOPLIST_FILE = YES;
				INFOPLIST_FILE = RunTogether/Info.plist;
				INFOPLIST_KEY_LSApplicationCategoryType = "public.app-category.healthcare-fitness";
				INFOPLIST_KEY_UIApplicationSceneManifest_Generation = YES;
				INFOPLIST_KEY_UIApplicationSupportsIndirectInputEvents = YES;
				INFOPLIST_KEY_UILaunchScreen_Generation = YES;
				INFOPLIST_KEY_UISupportedInterfaceOrientations_iPad = "UIInterfaceOrientationPortrait UIInterfaceOrientationPortraitUpsideDown UIInterfaceOrientationLandscapeLeft UIInterfaceOrientationLandscapeRight";
				INFOPLIST_KEY_UISupportedInterfaceOrientations_iPhone = "UIInterfaceOrientationPortrait UIInterfaceOrientationLandscapeLeft UIInterfaceOrientationLandscapeRight";
				LD_RUNPATH_SEARCH_PATHS = (
					"$(inherited)",
					"@executable_path/Frameworks",
				);
				MARKETING_VERSION = 1.0;
				PRODUCT_BUNDLE_IDENTIFIER = com.kenneth.alvarez.RunTogether;
				PRODUCT_NAME = "$(TARGET_NAME)";
				SUPABASE_KEY = eyJhbGciOiJIUzI1NiIsInR5cCI6IkpXVCJ9.eyJpc3MiOiJzdXBhYmFzZSIsInJlZiI6Im14dWN6Y3dseHZxcXRoYnl2YnZnIiwicm9sZSI6ImFub24iLCJpYXQiOjE3NTQ3NzU2OTMsImV4cCI6MjA3MDM1MTY5M30.qkgM3rxGRIYWod3Au3XBol9epUyaaFCdjgICwotAq_s;
				SUPABASE_URL = "https://mxuczcwlxvqqthbyvbvg.supabase.co";
				SWIFT_EMIT_LOC_STRINGS = YES;
				SWIFT_VERSION = 5.0;
				TARGETED_DEVICE_FAMILY = "1,2";
			};
			name = Debug;
		};
		CC57DA1F2E3C6F5300D3E72B /* Release */ = {
			isa = XCBuildConfiguration;
			buildSettings = {
				ASSETCATALOG_COMPILER_APPICON_NAME = AppIcon;
				ASSETCATALOG_COMPILER_GLOBAL_ACCENT_COLOR_NAME = AccentColor;
				CODE_SIGN_ENTITLEMENTS = RunTogether/RunTogether.entitlements;
				CODE_SIGN_STYLE = Automatic;
				CURRENT_PROJECT_VERSION = 1;
				DEVELOPMENT_TEAM = VUYG66828A;
				ENABLE_PREVIEWS = YES;
				GENERATE_INFOPLIST_FILE = YES;
				INFOPLIST_FILE = RunTogether/Info.plist;
				INFOPLIST_KEY_LSApplicationCategoryType = "public.app-category.healthcare-fitness";
				INFOPLIST_KEY_UIApplicationSceneManifest_Generation = YES;
				INFOPLIST_KEY_UIApplicationSupportsIndirectInputEvents = YES;
				INFOPLIST_KEY_UILaunchScreen_Generation = YES;
				INFOPLIST_KEY_UISupportedInterfaceOrientations_iPad = "UIInterfaceOrientationPortrait UIInterfaceOrientationPortraitUpsideDown UIInterfaceOrientationLandscapeLeft UIInterfaceOrientationLandscapeRight";
				INFOPLIST_KEY_UISupportedInterfaceOrientations_iPhone = "UIInterfaceOrientationPortrait UIInterfaceOrientationLandscapeLeft UIInterfaceOrientationLandscapeRight";
				LD_RUNPATH_SEARCH_PATHS = (
					"$(inherited)",
					"@executable_path/Frameworks",
				);
				MARKETING_VERSION = 1.0;
				PRODUCT_BUNDLE_IDENTIFIER = com.kenneth.alvarez.RunTogether;
				PRODUCT_NAME = "$(TARGET_NAME)";
				SUPABASE_KEY = eyJhbGciOiJIUzI1NiIsInR5cCI6IkpXVCJ9.eyJpc3MiOiJzdXBhYmFzZSIsInJlZiI6Im14dWN6Y3dseHZxcXRoYnl2YnZnIiwicm9sZSI6ImFub24iLCJpYXQiOjE3NTQ3NzU2OTMsImV4cCI6MjA3MDM1MTY5M30.qkgM3rxGRIYWod3Au3XBol9epUyaaFCdjgICwotAq_s;
				SUPABASE_URL = "https://mxuczcwlxvqqthbyvbvg.supabase.co";
				SWIFT_EMIT_LOC_STRINGS = YES;
				SWIFT_VERSION = 5.0;
				TARGETED_DEVICE_FAMILY = "1,2";
			};
			name = Release;
		};
		CC57DA202E3C6F5300D3E72B /* Debug */ = {
			isa = XCBuildConfiguration;
			buildSettings = {
				ALWAYS_SEARCH_USER_PATHS = NO;
				ASSETCATALOG_COMPILER_GENERATE_SWIFT_ASSET_SYMBOL_EXTENSIONS = YES;
				CLANG_ANALYZER_NONNULL = YES;
				CLANG_ANALYZER_NUMBER_OBJECT_CONVERSION = YES_AGGRESSIVE;
				CLANG_CXX_LANGUAGE_STANDARD = "gnu++20";
				CLANG_ENABLE_MODULES = YES;
				CLANG_ENABLE_OBJC_ARC = YES;
				CLANG_ENABLE_OBJC_WEAK = YES;
				CLANG_WARN_BLOCK_CAPTURE_AUTORELEASING = YES;
				CLANG_WARN_BOOL_CONVERSION = YES;
				CLANG_WARN_COMMA = YES;
				CLANG_WARN_CONSTANT_CONVERSION = YES;
				CLANG_WARN_DEPRECATED_OBJC_IMPLEMENTATIONS = YES;
				CLANG_WARN_DIRECT_OBJC_ISA_USAGE = YES_ERROR;
				CLANG_WARN_DOCUMENTATION_COMMENTS = YES;
				CLANG_WARN_EMPTY_BODY = YES;
				CLANG_WARN_ENUM_CONVERSION = YES;
				CLANG_WARN_INFINITE_RECURSION = YES;
				CLANG_WARN_INT_CONVERSION = YES;
				CLANG_WARN_NON_LITERAL_NULL_CONVERSION = YES;
				CLANG_WARN_OBJC_IMPLICIT_RETAIN_SELF = YES;
				CLANG_WARN_OBJC_LITERAL_CONVERSION = YES;
				CLANG_WARN_OBJC_ROOT_CLASS = YES_ERROR;
				CLANG_WARN_QUOTED_INCLUDE_IN_FRAMEWORK_HEADER = YES;
				CLANG_WARN_RANGE_LOOP_ANALYSIS = YES;
				CLANG_WARN_STRICT_PROTOTYPES = YES;
				CLANG_WARN_SUSPICIOUS_MOVE = YES;
				CLANG_WARN_UNGUARDED_AVAILABILITY = YES_AGGRESSIVE;
				CLANG_WARN_UNREACHABLE_CODE = YES;
				CLANG_WARN__DUPLICATE_METHOD_MATCH = YES;
				COPY_PHASE_STRIP = NO;
				DEBUG_INFORMATION_FORMAT = dwarf;
				DEVELOPMENT_TEAM = VUYG66828A;
				ENABLE_STRICT_OBJC_MSGSEND = YES;
				ENABLE_TESTABILITY = YES;
				ENABLE_USER_SCRIPT_SANDBOXING = YES;
				GCC_C_LANGUAGE_STANDARD = gnu17;
				GCC_DYNAMIC_NO_PIC = NO;
				GCC_NO_COMMON_BLOCKS = YES;
				GCC_OPTIMIZATION_LEVEL = 0;
				GCC_PREPROCESSOR_DEFINITIONS = (
					"DEBUG=1",
					"$(inherited)",
				);
				GCC_WARN_64_TO_32_BIT_CONVERSION = YES;
				GCC_WARN_ABOUT_RETURN_TYPE = YES_ERROR;
				GCC_WARN_UNDECLARED_SELECTOR = YES;
				GCC_WARN_UNINITIALIZED_AUTOS = YES_AGGRESSIVE;
				GCC_WARN_UNUSED_FUNCTION = YES;
				GCC_WARN_UNUSED_VARIABLE = YES;
				IPHONEOS_DEPLOYMENT_TARGET = 18.5;
				LOCALIZATION_PREFERS_STRING_CATALOGS = YES;
				MTL_ENABLE_DEBUG_INFO = INCLUDE_SOURCE;
				MTL_FAST_MATH = YES;
				ONLY_ACTIVE_ARCH = YES;
				SDKROOT = iphoneos;
				SWIFT_ACTIVE_COMPILATION_CONDITIONS = "DEBUG $(inherited)";
				SWIFT_OPTIMIZATION_LEVEL = "-Onone";
			};
			name = Debug;
		};
		CC57DA212E3C6F5300D3E72B /* Release */ = {
			isa = XCBuildConfiguration;
			buildSettings = {
				ALWAYS_SEARCH_USER_PATHS = NO;
				ASSETCATALOG_COMPILER_GENERATE_SWIFT_ASSET_SYMBOL_EXTENSIONS = YES;
				CLANG_ANALYZER_NONNULL = YES;
				CLANG_ANALYZER_NUMBER_OBJECT_CONVERSION = YES_AGGRESSIVE;
				CLANG_CXX_LANGUAGE_STANDARD = "gnu++20";
				CLANG_ENABLE_MODULES = YES;
				CLANG_ENABLE_OBJC_ARC = YES;
				CLANG_ENABLE_OBJC_WEAK = YES;
				CLANG_WARN_BLOCK_CAPTURE_AUTORELEASING = YES;
				CLANG_WARN_BOOL_CONVERSION = YES;
				CLANG_WARN_COMMA = YES;
				CLANG_WARN_CONSTANT_CONVERSION = YES;
				CLANG_WARN_DEPRECATED_OBJC_IMPLEMENTATIONS = YES;
				CLANG_WARN_DIRECT_OBJC_ISA_USAGE = YES_ERROR;
				CLANG_WARN_DOCUMENTATION_COMMENTS = YES;
				CLANG_WARN_EMPTY_BODY = YES;
				CLANG_WARN_ENUM_CONVERSION = YES;
				CLANG_WARN_INFINITE_RECURSION = YES;
				CLANG_WARN_INT_CONVERSION = YES;
				CLANG_WARN_NON_LITERAL_NULL_CONVERSION = YES;
				CLANG_WARN_OBJC_IMPLICIT_RETAIN_SELF = YES;
				CLANG_WARN_OBJC_LITERAL_CONVERSION = YES;
				CLANG_WARN_OBJC_ROOT_CLASS = YES_ERROR;
				CLANG_WARN_QUOTED_INCLUDE_IN_FRAMEWORK_HEADER = YES;
				CLANG_WARN_RANGE_LOOP_ANALYSIS = YES;
				CLANG_WARN_STRICT_PROTOTYPES = YES;
				CLANG_WARN_SUSPICIOUS_MOVE = YES;
				CLANG_WARN_UNGUARDED_AVAILABILITY = YES_AGGRESSIVE;
				CLANG_WARN_UNREACHABLE_CODE = YES;
				CLANG_WARN__DUPLICATE_METHOD_MATCH = YES;
				COPY_PHASE_STRIP = NO;
				DEBUG_INFORMATION_FORMAT = "dwarf-with-dsym";
				DEVELOPMENT_TEAM = VUYG66828A;
				ENABLE_NS_ASSERTIONS = NO;
				ENABLE_STRICT_OBJC_MSGSEND = YES;
				ENABLE_USER_SCRIPT_SANDBOXING = YES;
				GCC_C_LANGUAGE_STANDARD = gnu17;
				GCC_NO_COMMON_BLOCKS = YES;
				GCC_WARN_64_TO_32_BIT_CONVERSION = YES;
				GCC_WARN_ABOUT_RETURN_TYPE = YES_ERROR;
				GCC_WARN_UNDECLARED_SELECTOR = YES;
				GCC_WARN_UNINITIALIZED_AUTOS = YES_AGGRESSIVE;
				GCC_WARN_UNUSED_FUNCTION = YES;
				GCC_WARN_UNUSED_VARIABLE = YES;
				IPHONEOS_DEPLOYMENT_TARGET = 18.5;
				LOCALIZATION_PREFERS_STRING_CATALOGS = YES;
				MTL_ENABLE_DEBUG_INFO = NO;
				MTL_FAST_MATH = YES;
				SDKROOT = iphoneos;
				SWIFT_COMPILATION_MODE = wholemodule;
				VALIDATE_PRODUCT = YES;
			};
			name = Release;
		};
		CC57DA232E3C6F5300D3E72B /* Debug */ = {
			isa = XCBuildConfiguration;
			buildSettings = {
				BUNDLE_LOADER = "$(TEST_HOST)";
				CODE_SIGN_STYLE = Automatic;
				CURRENT_PROJECT_VERSION = 1;
				DEVELOPMENT_TEAM = VUYG66828A;
				GENERATE_INFOPLIST_FILE = YES;
				IPHONEOS_DEPLOYMENT_TARGET = 18.5;
				MARKETING_VERSION = 1.0;
				PRODUCT_BUNDLE_IDENTIFIER = com.kenneth.alvarez.RunTogetherTests;
				PRODUCT_NAME = "$(TARGET_NAME)";
				SWIFT_EMIT_LOC_STRINGS = NO;
				SWIFT_VERSION = 5.0;
				TARGETED_DEVICE_FAMILY = "1,2";
				TEST_HOST = "$(BUILT_PRODUCTS_DIR)/RunTogether.app/$(BUNDLE_EXECUTABLE_FOLDER_PATH)/RunTogether";
			};
			name = Debug;
		};
		CC57DA242E3C6F5300D3E72B /* Release */ = {
			isa = XCBuildConfiguration;
			buildSettings = {
				BUNDLE_LOADER = "$(TEST_HOST)";
				CODE_SIGN_STYLE = Automatic;
				CURRENT_PROJECT_VERSION = 1;
				DEVELOPMENT_TEAM = VUYG66828A;
				GENERATE_INFOPLIST_FILE = YES;
				IPHONEOS_DEPLOYMENT_TARGET = 18.5;
				MARKETING_VERSION = 1.0;
				PRODUCT_BUNDLE_IDENTIFIER = com.kenneth.alvarez.RunTogetherTests;
				PRODUCT_NAME = "$(TARGET_NAME)";
				SWIFT_EMIT_LOC_STRINGS = NO;
				SWIFT_VERSION = 5.0;
				TARGETED_DEVICE_FAMILY = "1,2";
				TEST_HOST = "$(BUILT_PRODUCTS_DIR)/RunTogether.app/$(BUNDLE_EXECUTABLE_FOLDER_PATH)/RunTogether";
			};
			name = Release;
		};
		CC57DA262E3C6F5300D3E72B /* Debug */ = {
			isa = XCBuildConfiguration;
			buildSettings = {
				CODE_SIGN_STYLE = Automatic;
				CURRENT_PROJECT_VERSION = 1;
				DEVELOPMENT_TEAM = VUYG66828A;
				GENERATE_INFOPLIST_FILE = YES;
				MARKETING_VERSION = 1.0;
				PRODUCT_BUNDLE_IDENTIFIER = com.kenneth.alvarez.RunTogetherUITests;
				PRODUCT_NAME = "$(TARGET_NAME)";
				SWIFT_EMIT_LOC_STRINGS = NO;
				SWIFT_VERSION = 5.0;
				TARGETED_DEVICE_FAMILY = "1,2";
				TEST_TARGET_NAME = RunTogether;
			};
			name = Debug;
		};
		CC57DA272E3C6F5300D3E72B /* Release */ = {
			isa = XCBuildConfiguration;
			buildSettings = {
				CODE_SIGN_STYLE = Automatic;
				CURRENT_PROJECT_VERSION = 1;
				DEVELOPMENT_TEAM = VUYG66828A;
				GENERATE_INFOPLIST_FILE = YES;
				MARKETING_VERSION = 1.0;
				PRODUCT_BUNDLE_IDENTIFIER = com.kenneth.alvarez.RunTogetherUITests;
				PRODUCT_NAME = "$(TARGET_NAME)";
				SWIFT_EMIT_LOC_STRINGS = NO;
				SWIFT_VERSION = 5.0;
				TARGETED_DEVICE_FAMILY = "1,2";
				TEST_TARGET_NAME = RunTogether;
			};
			name = Release;
		};
/* End XCBuildConfiguration section */

/* Begin XCConfigurationList section */
		CC57D9F12E3C6F5100D3E72B /* Build configuration list for PBXProject "RunTogether" */ = {
			isa = XCConfigurationList;
			buildConfigurations = (
				CC57DA202E3C6F5300D3E72B /* Debug */,
				CC57DA212E3C6F5300D3E72B /* Release */,
			);
			defaultConfigurationIsVisible = 0;
			defaultConfigurationName = Release;
		};
		CC57DA1D2E3C6F5300D3E72B /* Build configuration list for PBXNativeTarget "RunTogether" */ = {
			isa = XCConfigurationList;
			buildConfigurations = (
				CC57DA1E2E3C6F5300D3E72B /* Debug */,
				CC57DA1F2E3C6F5300D3E72B /* Release */,
			);
			defaultConfigurationIsVisible = 0;
			defaultConfigurationName = Release;
		};
		CC57DA222E3C6F5300D3E72B /* Build configuration list for PBXNativeTarget "RunTogetherTests" */ = {
			isa = XCConfigurationList;
			buildConfigurations = (
				CC57DA232E3C6F5300D3E72B /* Debug */,
				CC57DA242E3C6F5300D3E72B /* Release */,
			);
			defaultConfigurationIsVisible = 0;
			defaultConfigurationName = Release;
		};
		CC57DA252E3C6F5300D3E72B /* Build configuration list for PBXNativeTarget "RunTogetherUITests" */ = {
			isa = XCConfigurationList;
			buildConfigurations = (
				CC57DA262E3C6F5300D3E72B /* Debug */,
				CC57DA272E3C6F5300D3E72B /* Release */,
			);
			defaultConfigurationIsVisible = 0;
			defaultConfigurationName = Release;
		};
/* End XCConfigurationList section */

/* Begin XCRemoteSwiftPackageReference section */
		CC56A6BA2E558B4700D1536B /* XCRemoteSwiftPackageReference "supabase-swift" */ = {
			isa = XCRemoteSwiftPackageReference;
			repositoryURL = "https://github.com/supabase/supabase-swift.git";
			requirement = {
				kind = upToNextMajorVersion;
				minimumVersion = 2.5.1;
			};
		};
/* End XCRemoteSwiftPackageReference section */

/* Begin XCSwiftPackageProductDependency section */
		CC56A6BB2E558C0700D1536B /* Auth */ = {
			isa = XCSwiftPackageProductDependency;
			package = CC56A6BA2E558B4700D1536B /* XCRemoteSwiftPackageReference "supabase-swift" */;
			productName = Auth;
		};
		CC56A6BD2E558C0700D1536B /* Functions */ = {
			isa = XCSwiftPackageProductDependency;
			package = CC56A6BA2E558B4700D1536B /* XCRemoteSwiftPackageReference "supabase-swift" */;
			productName = Functions;
		};
		CC56A6BF2E558C0700D1536B /* PostgREST */ = {
			isa = XCSwiftPackageProductDependency;
			package = CC56A6BA2E558B4700D1536B /* XCRemoteSwiftPackageReference "supabase-swift" */;
			productName = PostgREST;
		};
		CC56A6C12E558C0700D1536B /* Realtime */ = {
			isa = XCSwiftPackageProductDependency;
			package = CC56A6BA2E558B4700D1536B /* XCRemoteSwiftPackageReference "supabase-swift" */;
			productName = Realtime;
		};
		CC56A6C32E558C0700D1536B /* Storage */ = {
			isa = XCSwiftPackageProductDependency;
			package = CC56A6BA2E558B4700D1536B /* XCRemoteSwiftPackageReference "supabase-swift" */;
			productName = Storage;
		};
		CC56A6C52E558C0700D1536B /* Supabase */ = {
			isa = XCSwiftPackageProductDependency;
			package = CC56A6BA2E558B4700D1536B /* XCRemoteSwiftPackageReference "supabase-swift" */;
			productName = Supabase;
		};
/* End XCSwiftPackageProductDependency section */
	};
	rootObject = CC57D9EE2E3C6F5100D3E72B /* Project object */;
}
